
Microsoft Visual Studio Solution File, Format Version 12.00
# Visual Studio Version 17
VisualStudioVersion = 17.10.35013.160
MinimumVisualStudioVersion = 10.0.40219.1
Project("{9A19103F-16F7-4668-BE54-9A1E7A4F7556}") = "DLMS_DAL", "DLMS_DAL\DLMS_DAL.csproj", "{86170A06-4B07-47EF-82E5-4D25DF758250}"
EndProject
Project("{9A19103F-16F7-4668-BE54-9A1E7A4F7556}") = "API_DLMS", "API_DLMS\API_DLMS.csproj", "{561AA676-4349-48B2-AB8D-EDABA60D062A}"
EndProject
Project("{9A19103F-16F7-4668-BE54-9A1E7A4F7556}") = "DLMS_BUSINESS", "DLMS_BUSINESS\DLMS_BUSINESS.csproj", "{3369B9D5-E170-418C-A0DF-6CCF675BB51A}"
EndProject
Project("{9A19103F-16F7-4668-BE54-9A1E7A4F7556}") = "DLMS_SERVICE", "DLMS_SERVICE\DLMS_SERVICE.csproj", "{C5948C82-A625-449F-91ED-10473A0AA309}"
EndProject
Project("{9A19103F-16F7-4668-BE54-9A1E7A4F7556}") = "DLMS.API", "DLMS.API\DLMS.API.csproj", "{CC2FFE47-C1FB-4568-BDCE-BC5C02226A72}"
EndProject
Project("{9A19103F-16F7-4668-BE54-9A1E7A4F7556}") = "DLMS_MODELS", "DLMS_MODELS\DLMS_MODELS.csproj", "{333FDFDB-AC1D-47A6-BC1D-B71E89CA0CAF}"
EndProject
Project("{9A19103F-16F7-4668-BE54-9A1E7A4F7556}") = "DLMS_COMMUNICATION", "DLMS_COMMUNICATION\DLMS_COMMUNICATION.csproj", "{FBD61506-DEC0-45D3-A6DF-1DBE2981F460}"
EndProject
Project("{FAE04EC0-301F-11D3-BF4B-00C04F79EFBC}") = "DLMS_UTILITIES", "DLMS_UTILITIES\DLMS_UTILITIES.csproj", "{292E289D-9CD9-4602-9AAB-D4AAD2E4701C}"
EndProject
Project("{FAE04EC0-301F-11D3-BF4B-00C04F79EFBC}") = "DLMS_SERVICE.Tests", "DLMS_SERVICE.Tests\DLMS_SERVICE.Tests.csproj", "{844FC971-8A10-4EA1-A1BB-A62E36A42B37}"
EndProject
Project("{FAE04EC0-301F-11D3-BF4B-00C04F79EFBC}") = "DLMS_IntegrationTest", "DLMS_IntegrationTest\DLMS_IntegrationTest.csproj", "{8EAA83A2-CECE-44C6-AE16-8B43AA4F07D8}"
EndProject
Global
	GlobalSection(SolutionConfigurationPlatforms) = preSolution
		Debug|Any CPU = Debug|Any CPU
		Release|Any CPU = Release|Any CPU
	EndGlobalSection
	GlobalSection(ProjectConfigurationPlatforms) = postSolution
		{86170A06-4B07-47EF-82E5-4D25DF758250}.Debug|Any CPU.ActiveCfg = Debug|Any CPU
		{86170A06-4B07-47EF-82E5-4D25DF758250}.Debug|Any CPU.Build.0 = Debug|Any CPU
		{86170A06-4B07-47EF-82E5-4D25DF758250}.Release|Any CPU.ActiveCfg = Release|Any CPU
		{86170A06-4B07-47EF-82E5-4D25DF758250}.Release|Any CPU.Build.0 = Release|Any CPU
		{561AA676-4349-48B2-AB8D-EDABA60D062A}.Debug|Any CPU.ActiveCfg = Debug|Any CPU
		{561AA676-4349-48B2-AB8D-EDABA60D062A}.Debug|Any CPU.Build.0 = Debug|Any CPU
		{561AA676-4349-48B2-AB8D-EDABA60D062A}.Release|Any CPU.ActiveCfg = Release|Any CPU
		{561AA676-4349-48B2-AB8D-EDABA60D062A}.Release|Any CPU.Build.0 = Release|Any CPU
		{3369B9D5-E170-418C-A0DF-6CCF675BB51A}.Debug|Any CPU.ActiveCfg = Debug|Any CPU
		{3369B9D5-E170-418C-A0DF-6CCF675BB51A}.Debug|Any CPU.Build.0 = Debug|Any CPU
		{3369B9D5-E170-418C-A0DF-6CCF675BB51A}.Release|Any CPU.ActiveCfg = Release|Any CPU
		{3369B9D5-E170-418C-A0DF-6CCF675BB51A}.Release|Any CPU.Build.0 = Release|Any CPU
		{C5948C82-A625-449F-91ED-10473A0AA309}.Debug|Any CPU.ActiveCfg = Debug|Any CPU
		{C5948C82-A625-449F-91ED-10473A0AA309}.Debug|Any CPU.Build.0 = Debug|Any CPU
		{C5948C82-A625-449F-91ED-10473A0AA309}.Release|Any CPU.ActiveCfg = Release|Any CPU
		{C5948C82-A625-449F-91ED-10473A0AA309}.Release|Any CPU.Build.0 = Release|Any CPU
		{CC2FFE47-C1FB-4568-BDCE-BC5C02226A72}.Debug|Any CPU.ActiveCfg = Debug|Any CPU
		{CC2FFE47-C1FB-4568-BDCE-BC5C02226A72}.Debug|Any CPU.Build.0 = Debug|Any CPU
		{CC2FFE47-C1FB-4568-BDCE-BC5C02226A72}.Release|Any CPU.ActiveCfg = Release|Any CPU
		{CC2FFE47-C1FB-4568-BDCE-BC5C02226A72}.Release|Any CPU.Build.0 = Release|Any CPU
		{333FDFDB-AC1D-47A6-BC1D-B71E89CA0CAF}.Debug|Any CPU.ActiveCfg = Debug|Any CPU
		{333FDFDB-AC1D-47A6-BC1D-B71E89CA0CAF}.Debug|Any CPU.Build.0 = Debug|Any CPU
		{333FDFDB-AC1D-47A6-BC1D-B71E89CA0CAF}.Release|Any CPU.ActiveCfg = Release|Any CPU
		{333FDFDB-AC1D-47A6-BC1D-B71E89CA0CAF}.Release|Any CPU.Build.0 = Release|Any CPU
		{FBD61506-DEC0-45D3-A6DF-1DBE2981F460}.Debug|Any CPU.ActiveCfg = Debug|Any CPU
		{FBD61506-DEC0-45D3-A6DF-1DBE2981F460}.Debug|Any CPU.Build.0 = Debug|Any CPU
		{FBD61506-DEC0-45D3-A6DF-1DBE2981F460}.Release|Any CPU.ActiveCfg = Release|Any CPU
		{FBD61506-DEC0-45D3-A6DF-1DBE2981F460}.Release|Any CPU.Build.0 = Release|Any CPU
		{292E289D-9CD9-4602-9AAB-D4AAD2E4701C}.Debug|Any CPU.ActiveCfg = Debug|Any CPU
		{292E289D-9CD9-4602-9AAB-D4AAD2E4701C}.Debug|Any CPU.Build.0 = Debug|Any CPU
		{292E289D-9CD9-4602-9AAB-D4AAD2E4701C}.Release|Any CPU.ActiveCfg = Release|Any CPU
		{292E289D-9CD9-4602-9AAB-D4AAD2E4701C}.Release|Any CPU.Build.0 = Release|Any CPU
		{844FC971-8A10-4EA1-A1BB-A62E36A42B37}.Debug|Any CPU.ActiveCfg = Debug|Any CPU
		{844FC971-8A10-4EA1-A1BB-A62E36A42B37}.Debug|Any CPU.Build.0 = Debug|Any CPU
		{844FC971-8A10-4EA1-A1BB-A62E36A42B37}.Release|Any CPU.ActiveCfg = Release|Any CPU
		{844FC971-8A10-4EA1-A1BB-A62E36A42B37}.Release|Any CPU.Build.0 = Release|Any CPU
		{8EAA83A2-CECE-44C6-AE16-8B43AA4F07D8}.Debug|Any CPU.ActiveCfg = Debug|Any CPU
		{8EAA83A2-CECE-44C6-AE16-8B43AA4F07D8}.Debug|Any CPU.Build.0 = Debug|Any CPU
		{8EAA83A2-CECE-44C6-AE16-8B43AA4F07D8}.Release|Any CPU.ActiveCfg = Release|Any CPU
		{8EAA83A2-CECE-44C6-AE16-8B43AA4F07D8}.Release|Any CPU.Build.0 = Release|Any CPU
	EndGlobalSection
	GlobalSection(SolutionProperties) = preSolution
		HideSolutionNode = FALSE
	EndGlobalSection
	GlobalSection(ExtensibilityGlobals) = postSolution
		SolutionGuid = {3A2E5C5A-8CB0-4076-AFC0-76979399141C}
	EndGlobalSection
EndGlobal
